
Microsoft Visual Studio Solution File, Format Version 12.00
# Visual Studio 15
VisualStudioVersion = 15.0.28010.2026
MinimumVisualStudioVersion = 10.0.40219.1
Project("{FAE04EC0-301F-11D3-BF4B-00C04F79EFBC}") = "ElDewrito-Multi-Instance", "ElDewrito-Multi-Instance\ElDewrito-Multi-Instance.csproj", "{65AD914E-3F76-4970-9B85-DAC09050254A}"
EndProject
Global
	GlobalSection(SolutionConfigurationPlatforms) = preSolution
		Debug|Any CPU = Debug|Any CPU
		Release|Any CPU = Release|Any CPU
	EndGlobalSection
	GlobalSection(ProjectConfigurationPlatforms) = postSolution
		{65AD914E-3F76-4970-9B85-DAC09050254A}.Debug|Any CPU.ActiveCfg = Debug|Any CPU
		{65AD914E-3F76-4970-9B85-DAC09050254A}.Debug|Any CPU.Build.0 = Debug|Any CPU
		{65AD914E-3F76-4970-9B85-DAC09050254A}.Release|Any CPU.ActiveCfg = Release|Any CPU
		{65AD914E-3F76-4970-9B85-DAC09050254A}.Release|Any CPU.Build.0 = Release|Any CPU
	EndGlobalSection
	GlobalSection(SolutionProperties) = preSolution
		HideSolutionNode = FALSE
	EndGlobalSection
	GlobalSection(ExtensibilityGlobals) = postSolution
		SolutionGuid = {E3AB86F3-C87C-46FB-B68B-07B3D23E5E82}
	EndGlobalSection
EndGlobal
